
Microsoft Visual Studio Solution File, Format Version 12.00
# Visual Studio Version 17
VisualStudioVersion = 17.9.34616.47
MinimumVisualStudioVersion = 10.0.40219.1
Project("{8BC9CEB8-8B4A-11D0-8D11-00A0C91BC942}") = "PertemuanPertama", "PertemuanPertama\PertemuanPertama.vcxproj", "{9127EA6A-4311-4E3D-91AE-83169ED02CA2}"
EndProject
Global
	GlobalSection(SolutionConfigurationPlatforms) = preSolution
		Debug|x64 = Debug|x64
		Debug|x86 = Debug|x86
		Release|x64 = Release|x64
		Release|x86 = Release|x86
	EndGlobalSection
	GlobalSection(ProjectConfigurationPlatforms) = postSolution
		{9127EA6A-4311-4E3D-91AE-83169ED02CA2}.Debug|x64.ActiveCfg = Debug|x64
		{9127EA6A-4311-4E3D-91AE-83169ED02CA2}.Debug|x64.Build.0 = Debug|x64
		{9127EA6A-4311-4E3D-91AE-83169ED02CA2}.Debug|x86.ActiveCfg = Debug|Win32
		{9127EA6A-4311-4E3D-91AE-83169ED02CA2}.Debug|x86.Build.0 = Debug|Win32
		{9127EA6A-4311-4E3D-91AE-83169ED02CA2}.Release|x64.ActiveCfg = Release|x64
		{9127EA6A-4311-4E3D-91AE-83169ED02CA2}.Release|x64.Build.0 = Release|x64
		{9127EA6A-4311-4E3D-91AE-83169ED02CA2}.Release|x86.ActiveCfg = Release|Win32
		{9127EA6A-4311-4E3D-91AE-83169ED02CA2}.Release|x86.Build.0 = Release|Win32
	EndGlobalSection
	GlobalSection(SolutionProperties) = preSolution
		HideSolutionNode = FALSE
	EndGlobalSection
	GlobalSection(ExtensibilityGlobals) = postSolution
		SolutionGuid = {A06D8369-17DA-446B-8224-3F88BC2689EE}
	EndGlobalSection
EndGlobal
